{
  "object": {
    "pins": [
      {
        "package": "Capstone",
        "repositoryURL": "https://github.com/zydeco/capstone-swift",
        "state": {
          "branch": "v4",
          "revision": "8a809abaa5233e4f43e34a20ffd1c2c5fa902b50",
          "version": null
        }
      }
    ]
  },
  "version": 1
}
